
Microsoft Visual Studio Solution File, Format Version 12.00
# Visual Studio Version 16
VisualStudioVersion = 16.0.31729.503
MinimumVisualStudioVersion = 10.0.40219.1
Project("{D954291E-2A0B-460D-934E-DC6B0785DB48}") = "LeadersOfDigital", "LeadersOfDigital\LeadersOfDigital\LeadersOfDigital.shproj", "{B3E8159E-8A67-4067-8C31-F9E1C1FEC0A8}"
EndProject
Project("{FAE04EC0-301F-11D3-BF4B-00C04F79EFBC}") = "LeadersOfDigital.Android", "LeadersOfDigital\LeadersOfDigital.Android\LeadersOfDigital.Android.csproj", "{176EA03B-2A8B-476B-BCB8-EABE2DACACB7}"
EndProject
Project("{FAE04EC0-301F-11D3-BF4B-00C04F79EFBC}") = "LeadersOfDigital.iOS", "LeadersOfDigital\LeadersOfDigital.iOS\LeadersOfDigital.iOS.csproj", "{6F539D83-2B75-4B41-8231-E498A808F942}"
EndProject
Project("{2150E333-8FDC-42A3-9474-1A3956D46DE8}") = "API", "API", "{91BA45B1-00FB-49FE-8C5A-204996499B6C}"
EndProject
Project("{9A19103F-16F7-4668-BE54-9A1E7A4F7556}") = "LeadersApi", "LeadersApi\LeadersApi.csproj", "{9FC95375-4380-47D8-BBE3-C7AD38CA6FB2}"
EndProject
Project("{9A19103F-16F7-4668-BE54-9A1E7A4F7556}") = "LeadersWeb", "LeadersWeb\LeadersWeb.csproj", "{91A14263-769E-44BE-83A5-9EDE2F7680A7}"
EndProject
Project("{9A19103F-16F7-4668-BE54-9A1E7A4F7556}") = "Dal", "Dal\Dal.csproj", "{4F61E81F-2B28-462F-ACEB-EA05E00C54F2}"
EndProject
Project("{9A19103F-16F7-4668-BE54-9A1E7A4F7556}") = "LeadersOfDigital.DataModels", "LeadersOfDigital.DataModels\LeadersOfDigital.DataModels.csproj", "{9D864E21-422E-40D9-B9E7-E2B5B928692D}"
EndProject
Project("{9A19103F-16F7-4668-BE54-9A1E7A4F7556}") = "Business", "Business\Business.csproj", "{B84132A1-B141-4AC6-827D-41268DAF2499}"
EndProject
Global
	GlobalSection(SharedMSBuildProjectFiles) = preSolution
		LeadersOfDigital\LeadersOfDigital\LeadersOfDigital.projitems*{176ea03b-2a8b-476b-bcb8-eabe2dacacb7}*SharedItemsImports = 4
		LeadersOfDigital\LeadersOfDigital\LeadersOfDigital.projitems*{6f539d83-2b75-4b41-8231-e498a808f942}*SharedItemsImports = 4
		LeadersOfDigital\LeadersOfDigital\LeadersOfDigital.projitems*{b3e8159e-8a67-4067-8c31-f9e1c1fec0a8}*SharedItemsImports = 13
	EndGlobalSection
	GlobalSection(SolutionConfigurationPlatforms) = preSolution
		Debug|Any CPU = Debug|Any CPU
		Debug|iPhone = Debug|iPhone
		Debug|iPhoneSimulator = Debug|iPhoneSimulator
		Release|Any CPU = Release|Any CPU
		Release|iPhone = Release|iPhone
		Release|iPhoneSimulator = Release|iPhoneSimulator
	EndGlobalSection
	GlobalSection(ProjectConfigurationPlatforms) = postSolution
		{B3E8159E-8A67-4067-8C31-F9E1C1FEC0A8}.Debug|Any CPU.ActiveCfg = Debug|Any CPU
		{B3E8159E-8A67-4067-8C31-F9E1C1FEC0A8}.Debug|Any CPU.Build.0 = Debug|Any CPU
		{B3E8159E-8A67-4067-8C31-F9E1C1FEC0A8}.Debug|iPhone.ActiveCfg = Debug|iPhone
		{B3E8159E-8A67-4067-8C31-F9E1C1FEC0A8}.Debug|iPhone.Build.0 = Debug|iPhone
		{B3E8159E-8A67-4067-8C31-F9E1C1FEC0A8}.Debug|iPhoneSimulator.ActiveCfg = Debug|iPhoneSimulator
		{B3E8159E-8A67-4067-8C31-F9E1C1FEC0A8}.Debug|iPhoneSimulator.Build.0 = Debug|iPhoneSimulator
		{B3E8159E-8A67-4067-8C31-F9E1C1FEC0A8}.Release|Any CPU.ActiveCfg = Release|Any CPU
		{B3E8159E-8A67-4067-8C31-F9E1C1FEC0A8}.Release|Any CPU.Build.0 = Release|Any CPU
		{B3E8159E-8A67-4067-8C31-F9E1C1FEC0A8}.Release|iPhone.ActiveCfg = Release|iPhone
		{B3E8159E-8A67-4067-8C31-F9E1C1FEC0A8}.Release|iPhone.Build.0 = Release|iPhone
		{B3E8159E-8A67-4067-8C31-F9E1C1FEC0A8}.Release|iPhoneSimulator.ActiveCfg = Release|iPhoneSimulator
		{B3E8159E-8A67-4067-8C31-F9E1C1FEC0A8}.Release|iPhoneSimulator.Build.0 = Release|iPhoneSimulator
		{176EA03B-2A8B-476B-BCB8-EABE2DACACB7}.Debug|Any CPU.ActiveCfg = Debug|Any CPU
		{176EA03B-2A8B-476B-BCB8-EABE2DACACB7}.Debug|Any CPU.Build.0 = Debug|Any CPU
		{176EA03B-2A8B-476B-BCB8-EABE2DACACB7}.Debug|Any CPU.Deploy.0 = Debug|Any CPU
		{176EA03B-2A8B-476B-BCB8-EABE2DACACB7}.Debug|iPhone.ActiveCfg = Debug|Any CPU
		{176EA03B-2A8B-476B-BCB8-EABE2DACACB7}.Debug|iPhone.Build.0 = Debug|Any CPU
		{176EA03B-2A8B-476B-BCB8-EABE2DACACB7}.Debug|iPhone.Deploy.0 = Debug|Any CPU
		{176EA03B-2A8B-476B-BCB8-EABE2DACACB7}.Debug|iPhoneSimulator.ActiveCfg = Debug|Any CPU
		{176EA03B-2A8B-476B-BCB8-EABE2DACACB7}.Debug|iPhoneSimulator.Build.0 = Debug|Any CPU
		{176EA03B-2A8B-476B-BCB8-EABE2DACACB7}.Debug|iPhoneSimulator.Deploy.0 = Debug|Any CPU
		{176EA03B-2A8B-476B-BCB8-EABE2DACACB7}.Release|Any CPU.ActiveCfg = Release|Any CPU
		{176EA03B-2A8B-476B-BCB8-EABE2DACACB7}.Release|Any CPU.Build.0 = Release|Any CPU
		{176EA03B-2A8B-476B-BCB8-EABE2DACACB7}.Release|Any CPU.Deploy.0 = Release|Any CPU
		{176EA03B-2A8B-476B-BCB8-EABE2DACACB7}.Release|iPhone.ActiveCfg = Release|Any CPU
		{176EA03B-2A8B-476B-BCB8-EABE2DACACB7}.Release|iPhone.Build.0 = Release|Any CPU
		{176EA03B-2A8B-476B-BCB8-EABE2DACACB7}.Release|iPhone.Deploy.0 = Release|Any CPU
		{176EA03B-2A8B-476B-BCB8-EABE2DACACB7}.Release|iPhoneSimulator.ActiveCfg = Release|Any CPU
		{176EA03B-2A8B-476B-BCB8-EABE2DACACB7}.Release|iPhoneSimulator.Build.0 = Release|Any CPU
		{176EA03B-2A8B-476B-BCB8-EABE2DACACB7}.Release|iPhoneSimulator.Deploy.0 = Release|Any CPU
		{6F539D83-2B75-4B41-8231-E498A808F942}.Debug|Any CPU.ActiveCfg = Debug|iPhoneSimulator
		{6F539D83-2B75-4B41-8231-E498A808F942}.Debug|Any CPU.Build.0 = Debug|iPhoneSimulator
		{6F539D83-2B75-4B41-8231-E498A808F942}.Debug|Any CPU.Deploy.0 = Debug|iPhoneSimulator
		{6F539D83-2B75-4B41-8231-E498A808F942}.Debug|iPhone.ActiveCfg = Debug|iPhone
		{6F539D83-2B75-4B41-8231-E498A808F942}.Debug|iPhone.Build.0 = Debug|iPhone
		{6F539D83-2B75-4B41-8231-E498A808F942}.Debug|iPhone.Deploy.0 = Debug|iPhone
		{6F539D83-2B75-4B41-8231-E498A808F942}.Debug|iPhoneSimulator.ActiveCfg = Debug|iPhoneSimulator
		{6F539D83-2B75-4B41-8231-E498A808F942}.Debug|iPhoneSimulator.Build.0 = Debug|iPhoneSimulator
		{6F539D83-2B75-4B41-8231-E498A808F942}.Debug|iPhoneSimulator.Deploy.0 = Debug|iPhoneSimulator
		{6F539D83-2B75-4B41-8231-E498A808F942}.Release|Any CPU.ActiveCfg = Release|iPhone
		{6F539D83-2B75-4B41-8231-E498A808F942}.Release|Any CPU.Build.0 = Release|iPhone
		{6F539D83-2B75-4B41-8231-E498A808F942}.Release|Any CPU.Deploy.0 = Release|iPhone
		{6F539D83-2B75-4B41-8231-E498A808F942}.Release|iPhone.ActiveCfg = Release|iPhone
		{6F539D83-2B75-4B41-8231-E498A808F942}.Release|iPhone.Build.0 = Release|iPhone
		{6F539D83-2B75-4B41-8231-E498A808F942}.Release|iPhone.Deploy.0 = Release|iPhone
		{6F539D83-2B75-4B41-8231-E498A808F942}.Release|iPhoneSimulator.ActiveCfg = Release|iPhoneSimulator
		{6F539D83-2B75-4B41-8231-E498A808F942}.Release|iPhoneSimulator.Build.0 = Release|iPhoneSimulator
		{6F539D83-2B75-4B41-8231-E498A808F942}.Release|iPhoneSimulator.Deploy.0 = Release|iPhoneSimulator
		{9FC95375-4380-47D8-BBE3-C7AD38CA6FB2}.Debug|Any CPU.ActiveCfg = Debug|Any CPU
		{9FC95375-4380-47D8-BBE3-C7AD38CA6FB2}.Debug|Any CPU.Build.0 = Debug|Any CPU
		{9FC95375-4380-47D8-BBE3-C7AD38CA6FB2}.Debug|iPhone.ActiveCfg = Debug|Any CPU
		{9FC95375-4380-47D8-BBE3-C7AD38CA6FB2}.Debug|iPhone.Build.0 = Debug|Any CPU
		{9FC95375-4380-47D8-BBE3-C7AD38CA6FB2}.Debug|iPhoneSimulator.ActiveCfg = Debug|Any CPU
		{9FC95375-4380-47D8-BBE3-C7AD38CA6FB2}.Debug|iPhoneSimulator.Build.0 = Debug|Any CPU
		{9FC95375-4380-47D8-BBE3-C7AD38CA6FB2}.Release|Any CPU.ActiveCfg = Release|Any CPU
		{9FC95375-4380-47D8-BBE3-C7AD38CA6FB2}.Release|Any CPU.Build.0 = Release|Any CPU
		{9FC95375-4380-47D8-BBE3-C7AD38CA6FB2}.Release|iPhone.ActiveCfg = Release|Any CPU
		{9FC95375-4380-47D8-BBE3-C7AD38CA6FB2}.Release|iPhone.Build.0 = Release|Any CPU
		{9FC95375-4380-47D8-BBE3-C7AD38CA6FB2}.Release|iPhoneSimulator.ActiveCfg = Release|Any CPU
		{9FC95375-4380-47D8-BBE3-C7AD38CA6FB2}.Release|iPhoneSimulator.Build.0 = Release|Any CPU
		{91A14263-769E-44BE-83A5-9EDE2F7680A7}.Debug|Any CPU.ActiveCfg = Debug|Any CPU
		{91A14263-769E-44BE-83A5-9EDE2F7680A7}.Debug|Any CPU.Build.0 = Debug|Any CPU
		{91A14263-769E-44BE-83A5-9EDE2F7680A7}.Debug|iPhone.ActiveCfg = Debug|Any CPU
		{91A14263-769E-44BE-83A5-9EDE2F7680A7}.Debug|iPhone.Build.0 = Debug|Any CPU
		{91A14263-769E-44BE-83A5-9EDE2F7680A7}.Debug|iPhoneSimulator.ActiveCfg = Debug|Any CPU
		{91A14263-769E-44BE-83A5-9EDE2F7680A7}.Debug|iPhoneSimulator.Build.0 = Debug|Any CPU
		{91A14263-769E-44BE-83A5-9EDE2F7680A7}.Release|Any CPU.ActiveCfg = Release|Any CPU
		{91A14263-769E-44BE-83A5-9EDE2F7680A7}.Release|Any CPU.Build.0 = Release|Any CPU
		{91A14263-769E-44BE-83A5-9EDE2F7680A7}.Release|iPhone.ActiveCfg = Release|Any CPU
		{91A14263-769E-44BE-83A5-9EDE2F7680A7}.Release|iPhone.Build.0 = Release|Any CPU
		{91A14263-769E-44BE-83A5-9EDE2F7680A7}.Release|iPhoneSimulator.ActiveCfg = Release|Any CPU
		{91A14263-769E-44BE-83A5-9EDE2F7680A7}.Release|iPhoneSimulator.Build.0 = Release|Any CPU
		{4F61E81F-2B28-462F-ACEB-EA05E00C54F2}.Debug|Any CPU.ActiveCfg = Debug|Any CPU
		{4F61E81F-2B28-462F-ACEB-EA05E00C54F2}.Debug|Any CPU.Build.0 = Debug|Any CPU
		{4F61E81F-2B28-462F-ACEB-EA05E00C54F2}.Debug|iPhone.ActiveCfg = Debug|Any CPU
		{4F61E81F-2B28-462F-ACEB-EA05E00C54F2}.Debug|iPhone.Build.0 = Debug|Any CPU
		{4F61E81F-2B28-462F-ACEB-EA05E00C54F2}.Debug|iPhoneSimulator.ActiveCfg = Debug|Any CPU
		{4F61E81F-2B28-462F-ACEB-EA05E00C54F2}.Debug|iPhoneSimulator.Build.0 = Debug|Any CPU
		{4F61E81F-2B28-462F-ACEB-EA05E00C54F2}.Release|Any CPU.ActiveCfg = Release|Any CPU
		{4F61E81F-2B28-462F-ACEB-EA05E00C54F2}.Release|Any CPU.Build.0 = Release|Any CPU
		{4F61E81F-2B28-462F-ACEB-EA05E00C54F2}.Release|iPhone.ActiveCfg = Release|Any CPU
		{4F61E81F-2B28-462F-ACEB-EA05E00C54F2}.Release|iPhone.Build.0 = Release|Any CPU
		{4F61E81F-2B28-462F-ACEB-EA05E00C54F2}.Release|iPhoneSimulator.ActiveCfg = Release|Any CPU
		{4F61E81F-2B28-462F-ACEB-EA05E00C54F2}.Release|iPhoneSimulator.Build.0 = Release|Any CPU
		{9D864E21-422E-40D9-B9E7-E2B5B928692D}.Debug|Any CPU.ActiveCfg = Debug|Any CPU
		{9D864E21-422E-40D9-B9E7-E2B5B928692D}.Debug|Any CPU.Build.0 = Debug|Any CPU
		{9D864E21-422E-40D9-B9E7-E2B5B928692D}.Debug|iPhone.ActiveCfg = Debug|Any CPU
		{9D864E21-422E-40D9-B9E7-E2B5B928692D}.Debug|iPhone.Build.0 = Debug|Any CPU
		{9D864E21-422E-40D9-B9E7-E2B5B928692D}.Debug|iPhoneSimulator.ActiveCfg = Debug|Any CPU
		{9D864E21-422E-40D9-B9E7-E2B5B928692D}.Debug|iPhoneSimulator.Build.0 = Debug|Any CPU
		{9D864E21-422E-40D9-B9E7-E2B5B928692D}.Release|Any CPU.ActiveCfg = Release|Any CPU
		{9D864E21-422E-40D9-B9E7-E2B5B928692D}.Release|Any CPU.Build.0 = Release|Any CPU
		{9D864E21-422E-40D9-B9E7-E2B5B928692D}.Release|iPhone.ActiveCfg = Release|Any CPU
		{9D864E21-422E-40D9-B9E7-E2B5B928692D}.Release|iPhone.Build.0 = Release|Any CPU
		{9D864E21-422E-40D9-B9E7-E2B5B928692D}.Release|iPhoneSimulator.ActiveCfg = Release|Any CPU
		{9D864E21-422E-40D9-B9E7-E2B5B928692D}.Release|iPhoneSimulator.Build.0 = Release|Any CPU
		{B84132A1-B141-4AC6-827D-41268DAF2499}.Debug|Any CPU.ActiveCfg = Debug|Any CPU
		{B84132A1-B141-4AC6-827D-41268DAF2499}.Debug|Any CPU.Build.0 = Debug|Any CPU
		{B84132A1-B141-4AC6-827D-41268DAF2499}.Debug|iPhone.ActiveCfg = Debug|Any CPU
		{B84132A1-B141-4AC6-827D-41268DAF2499}.Debug|iPhone.Build.0 = Debug|Any CPU
		{B84132A1-B141-4AC6-827D-41268DAF2499}.Debug|iPhoneSimulator.ActiveCfg = Debug|Any CPU
		{B84132A1-B141-4AC6-827D-41268DAF2499}.Debug|iPhoneSimulator.Build.0 = Debug|Any CPU
		{B84132A1-B141-4AC6-827D-41268DAF2499}.Release|Any CPU.ActiveCfg = Release|Any CPU
		{B84132A1-B141-4AC6-827D-41268DAF2499}.Release|Any CPU.Build.0 = Release|Any CPU
		{B84132A1-B141-4AC6-827D-41268DAF2499}.Release|iPhone.ActiveCfg = Release|Any CPU
		{B84132A1-B141-4AC6-827D-41268DAF2499}.Release|iPhone.Build.0 = Release|Any CPU
		{B84132A1-B141-4AC6-827D-41268DAF2499}.Release|iPhoneSimulator.ActiveCfg = Release|Any CPU
		{B84132A1-B141-4AC6-827D-41268DAF2499}.Release|iPhoneSimulator.Build.0 = Release|Any CPU
	EndGlobalSection
	GlobalSection(SolutionProperties) = preSolution
		HideSolutionNode = FALSE
	EndGlobalSection
	GlobalSection(NestedProjects) = preSolution
		{9FC95375-4380-47D8-BBE3-C7AD38CA6FB2} = {91BA45B1-00FB-49FE-8C5A-204996499B6C}
		{91A14263-769E-44BE-83A5-9EDE2F7680A7} = {91BA45B1-00FB-49FE-8C5A-204996499B6C}
		{4F61E81F-2B28-462F-ACEB-EA05E00C54F2} = {91BA45B1-00FB-49FE-8C5A-204996499B6C}
	EndGlobalSection
	GlobalSection(ExtensibilityGlobals) = postSolution
		SolutionGuid = {7917F352-C7FF-431B-8922-8A4BA482928C}
	EndGlobalSection
EndGlobal
